
Microsoft Visual Studio Solution File, Format Version 12.00
# Visual Studio Version 16
VisualStudioVersion = 16.0.31205.134
MinimumVisualStudioVersion = 10.0.40219.1
Project("{FAE04EC0-301F-11D3-BF4B-00C04F79EFBC}") = "Dating.API", "Dating.API\Dating.API.csproj", "{C9E06738-3596-4963-9CD2-59F6C3094822}"
EndProject
Global
	GlobalSection(SolutionConfigurationPlatforms) = preSolution
		Debug|Any CPU = Debug|Any CPU
		Release|Any CPU = Release|Any CPU
	EndGlobalSection
	GlobalSection(ProjectConfigurationPlatforms) = postSolution
		{C9E06738-3596-4963-9CD2-59F6C3094822}.Debug|Any CPU.ActiveCfg = Debug|Any CPU
		{C9E06738-3596-4963-9CD2-59F6C3094822}.Debug|Any CPU.Build.0 = Debug|Any CPU
		{C9E06738-3596-4963-9CD2-59F6C3094822}.Release|Any CPU.ActiveCfg = Release|Any CPU
		{C9E06738-3596-4963-9CD2-59F6C3094822}.Release|Any CPU.Build.0 = Release|Any CPU
	EndGlobalSection
	GlobalSection(SolutionProperties) = preSolution
		HideSolutionNode = FALSE
	EndGlobalSection
	GlobalSection(ExtensibilityGlobals) = postSolution
		SolutionGuid = {95415D45-AD79-4929-9903-8EEDA7CF34DA}
	EndGlobalSection
EndGlobal
